{
  "lockfile_version": "1",
  "packages": {
    "poetry@latest": {
      "last_modified": "2024-04-19T17:36:04-04:00",
      "plugin_version": "0.0.4",
      "resolved": "github:NixOS/nixpkgs/92d295f588631b0db2da509f381b4fb1e74173c5#poetry",
      "source": "devbox-search",
      "version": "1.8.2",
      "systems": {
        "aarch64-darwin": {
          "outputs": [
            {
              "name": "out",
              "path": "/nix/store/2rk4lm1wcav909g29k9wbrlv077bwasw-python3.11-poetry-1.8.2",
              "default": true
            },
            {
              "name": "dist",
              "path": "/nix/store/sq2rf665zq07fs95ga1m80gk7mwdpcn0-python3.11-poetry-1.8.2-dist"
            }
          ],
          "store_path": "/nix/store/2rk4lm1wcav909g29k9wbrlv077bwasw-python3.11-poetry-1.8.2"
        },
        "aarch64-linux": {
          "outputs": [
            {
              "name": "out",
              "path": "/nix/store/nh054rj7hhyb3wlqv6jms1maqckmr1k9-python3.11-poetry-1.8.2",
              "default": true
            },
            {
              "name": "dist",
              "path": "/nix/store/1362fqzd7hdadvc711c59k8jps2fs064-python3.11-poetry-1.8.2-dist"
            }
          ],
          "store_path": "/nix/store/nh054rj7hhyb3wlqv6jms1maqckmr1k9-python3.11-poetry-1.8.2"
        },
        "x86_64-darwin": {
          "outputs": [
            {
              "name": "out",
              "path": "/nix/store/qyf2b14fwhcqma154bhx317qmy77qd6i-python3.11-poetry-1.8.2",
              "default": true
            },
            {
              "name": "dist",
              "path": "/nix/store/ylsk0zaa4s31n6j8mvq8d0bi1aaix513-python3.11-poetry-1.8.2-dist"
            }
          ],
          "store_path": "/nix/store/qyf2b14fwhcqma154bhx317qmy77qd6i-python3.11-poetry-1.8.2"
        },
        "x86_64-linux": {
          "outputs": [
            {
              "name": "out",
              "path": "/nix/store/g9yj4dz4adzxg80r08rm04jn437cm50q-python3.11-poetry-1.8.2",
              "default": true
            },
            {
              "name": "dist",
              "path": "/nix/store/5b1s9ij3fskpqvxn1v3kgihj1580qig4-python3.11-poetry-1.8.2-dist"
            }
          ],
          "store_path": "/nix/store/g9yj4dz4adzxg80r08rm04jn437cm50q-python3.11-poetry-1.8.2"
        }
      }
    },
    "python310@latest": {
      "last_modified": "2024-04-19T17:36:04-04:00",
      "plugin_version": "0.0.3",
      "resolved": "github:NixOS/nixpkgs/92d295f588631b0db2da509f381b4fb1e74173c5#python310",
      "source": "devbox-search",
      "version": "3.10.14",
      "systems": {
        "aarch64-darwin": {
          "outputs": [
            {
              "name": "out",
              "path": "/nix/store/l7w62hvrq2700xadjd5k4yj12dfzd7n1-python3-3.10.14",
              "default": true
            }
          ],
          "store_path": "/nix/store/l7w62hvrq2700xadjd5k4yj12dfzd7n1-python3-3.10.14"
        },
        "aarch64-linux": {
          "outputs": [
            {
              "name": "out",
              "path": "/nix/store/v1y56cfk92x9v4qx16fv3xj5nxaw2nqf-python3-3.10.14",
              "default": true
            },
            {
              "name": "debug",
              "path": "/nix/store/r21p36p4a79h9pdlw4l6npcmwa9zzijx-python3-3.10.14-debug"
            }
          ],
          "store_path": "/nix/store/v1y56cfk92x9v4qx16fv3xj5nxaw2nqf-python3-3.10.14"
        },
        "x86_64-darwin": {
          "outputs": [
            {
              "name": "out",
              "path": "/nix/store/l9cm37a1167b6nzricmxp91gzx1gkfgb-python3-3.10.14",
              "default": true
            }
          ],
          "store_path": "/nix/store/l9cm37a1167b6nzricmxp91gzx1gkfgb-python3-3.10.14"
        },
        "x86_64-linux": {
          "outputs": [
            {
              "name": "out",
              "path": "/nix/store/h5wq40vfyw8j3afab592x9hpxc2shl3n-python3-3.10.14",
              "default": true
            },
            {
              "name": "debug",
              "path": "/nix/store/cwpg3smni36pkx9iws0zqkv10hagn4r2-python3-3.10.14-debug"
            }
          ],
          "store_path": "/nix/store/h5wq40vfyw8j3afab592x9hpxc2shl3n-python3-3.10.14"
        }
      }
    }
  }
}
